
Microsoft Visual Studio Solution File, Format Version 12.00
# Visual Studio Version 16
VisualStudioVersion = 16.0.31129.286
MinimumVisualStudioVersion = 10.0.40219.1
Project("{FAE04EC0-301F-11D3-BF4B-00C04F79EFBC}") = "SimGrill", "SimGrill\SimGrill.csproj", "{E63287C6-2C42-46D8-B654-8CBED38C2BAC}"
EndProject
Global
	GlobalSection(SolutionConfigurationPlatforms) = preSolution
		Debug|Any CPU = Debug|Any CPU
		Release|Any CPU = Release|Any CPU
	EndGlobalSection
	GlobalSection(ProjectConfigurationPlatforms) = postSolution
		{E63287C6-2C42-46D8-B654-8CBED38C2BAC}.Debug|Any CPU.ActiveCfg = Debug|Any CPU
		{E63287C6-2C42-46D8-B654-8CBED38C2BAC}.Debug|Any CPU.Build.0 = Debug|Any CPU
		{E63287C6-2C42-46D8-B654-8CBED38C2BAC}.Release|Any CPU.ActiveCfg = Release|Any CPU
		{E63287C6-2C42-46D8-B654-8CBED38C2BAC}.Release|Any CPU.Build.0 = Release|Any CPU
	EndGlobalSection
	GlobalSection(SolutionProperties) = preSolution
		HideSolutionNode = FALSE
	EndGlobalSection
	GlobalSection(ExtensibilityGlobals) = postSolution
		SolutionGuid = {5033F543-F28D-4127-8F03-AF7CCB9052DE}
	EndGlobalSection
EndGlobal
